
Microsoft Visual Studio Solution File, Format Version 12.00
# Visual Studio 15
VisualStudioVersion = 15.0.27703.2047
MinimumVisualStudioVersion = 10.0.40219.1
Project("{FAE04EC0-301F-11D3-BF4B-00C04F79EFBC}") = "try11", "try11\try11.csproj", "{A64A62D4-6C9F-4905-8DE6-6E25A75F0730}"
EndProject
Global
	GlobalSection(SolutionConfigurationPlatforms) = preSolution
		Debug|Any CPU = Debug|Any CPU
		Release|Any CPU = Release|Any CPU
	EndGlobalSection
	GlobalSection(ProjectConfigurationPlatforms) = postSolution
		{A64A62D4-6C9F-4905-8DE6-6E25A75F0730}.Debug|Any CPU.ActiveCfg = Debug|Any CPU
		{A64A62D4-6C9F-4905-8DE6-6E25A75F0730}.Debug|Any CPU.Build.0 = Debug|Any CPU
		{A64A62D4-6C9F-4905-8DE6-6E25A75F0730}.Release|Any CPU.ActiveCfg = Release|Any CPU
		{A64A62D4-6C9F-4905-8DE6-6E25A75F0730}.Release|Any CPU.Build.0 = Release|Any CPU
	EndGlobalSection
	GlobalSection(SolutionProperties) = preSolution
		HideSolutionNode = FALSE
	EndGlobalSection
	GlobalSection(ExtensibilityGlobals) = postSolution
		SolutionGuid = {C4A518FB-27D0-4FB8-AB0D-96FCABDED63F}
	EndGlobalSection
EndGlobal
